{
  "version": 4,
  "terraform_version": "1.3.0",
  "serial": 64,
  "lineage": "5124e890-b536-e557-c3dd-edf98beb3697",
  "outputs": {},
  "resources": [
    {
      "module": "module.vm_instance_template",
      "mode": "managed",
      "type": "google_compute_instance_template",
      "name": "tpl",
      "provider": "provider[\"registry.terraform.io/hashicorp/google\"]",
      "instances": [
        {
          "schema_version": 1,
          "attributes": {
            "advanced_machine_features": [
              {
                "enable_nested_virtualization": false,
                "threads_per_core": 0,
                "visible_core_count": 0
              }
            ],
            "can_ip_forward": false,
            "confidential_instance_config": [
              {
                "enable_confidential_compute": false
              }
            ],
            "description": "",
            "disk": [
              {
                "auto_delete": true,
                "boot": true,
                "device_name": "persistent-disk-0",
                "disk_encryption_key": [],
                "disk_name": "",
                "disk_size_gb": 100,
                "disk_type": "pd-standard",
                "interface": "SCSI",
                "labels": {},
                "mode": "READ_WRITE",
                "resource_policies": [],
                "source": "",
                "source_image": "projects/windows-cloud/global/images/windows-server-2022-dc-v20230712",
                "source_image_encryption_key": [],
                "source_snapshot": "",
                "source_snapshot_encryption_key": [],
                "type": "PERSISTENT"
              }
            ],
            "guest_accelerator": [],
            "id": "projects/sunlit-almanac-392511/global/instanceTemplates/default-instance-template-20230725165147504000000001",
            "instance_description": "",
            "labels": null,
            "machine_type": "n1-standard-1",
            "metadata": {},
            "metadata_fingerprint": "aufzmCTcH4M=",
            "metadata_startup_script": "",
            "min_cpu_platform": "",
            "name": "default-instance-template-20230725165147504000000001",
            "name_prefix": "default-instance-template-",
            "network_interface": [
              {
                "access_config": [],
                "alias_ip_range": [],
                "ipv6_access_config": [],
                "ipv6_access_type": "",
                "name": "nic0",
                "network": "https://www.googleapis.com/compute/v1/projects/sunlit-almanac-392511/global/networks/default",
                "network_ip": "",
                "nic_type": "",
                "queue_count": 0,
                "stack_type": "",
                "subnetwork": "",
                "subnetwork_project": ""
              }
            ],
            "network_performance_config": [],
            "project": "sunlit-almanac-392511",
            "region": "us-east1",
            "reservation_affinity": [],
            "resource_policies": null,
            "scheduling": [
              {
                "automatic_restart": true,
                "instance_termination_action": "",
                "min_node_cpus": 0,
                "node_affinities": [],
                "on_host_maintenance": "MIGRATE",
                "preemptible": false,
                "provisioning_model": "STANDARD"
              }
            ],
            "self_link": "https://www.googleapis.com/compute/v1/projects/sunlit-almanac-392511/global/instanceTemplates/default-instance-template-20230725165147504000000001",
            "self_link_unique": "https://www.googleapis.com/compute/v1/projects/sunlit-almanac-392511/global/instanceTemplates/default-instance-template-20230725165147504000000001?uniqueId=6585042194901648203",
            "service_account": [
              {
                "email": "devopsproject@sunlit-almanac-392511.iam.gserviceaccount.com",
                "scopes": [
                  "https://www.googleapis.com/auth/cloud-platform"
                ]
              }
            ],
            "shielded_instance_config": [],
            "tags": [
              "http-server",
              "https-server",
              "jenkins"
            ],
            "tags_fingerprint": "",
            "timeouts": null
          },
          "sensitive_attributes": [],
          "private": "eyJlMmJmYjczMC1lY2FhLTExZTYtOGY4OC0zNDM2M2JjN2M0YzAiOnsiY3JlYXRlIjoyNDAwMDAwMDAwMDAsImRlbGV0ZSI6MjQwMDAwMDAwMDAwfSwic2NoZW1hX3ZlcnNpb24iOiIxIn0=",
          "create_before_destroy": true
        }
      ]
    },
    {
      "module": "module.vm_mig",
      "mode": "data",
      "type": "google_compute_zones",
      "name": "available",
      "provider": "provider[\"registry.terraform.io/hashicorp/google\"]",
      "instances": [
        {
          "schema_version": 0,
          "attributes": {
            "id": "projects/sunlit-almanac-392511/regions/us-east1",
            "names": [
              "us-east1-b",
              "us-east1-c",
              "us-east1-d"
            ],
            "project": "sunlit-almanac-392511",
            "region": "us-east1",
            "status": null
          },
          "sensitive_attributes": []
        }
      ]
    },
    {
      "module": "module.vm_mig",
      "mode": "managed",
      "type": "google_compute_health_check",
      "name": "https",
      "provider": "provider[\"registry.terraform.io/hashicorp/google\"]",
      "instances": [
        {
          "index_key": 0,
          "schema_version": 0,
          "attributes": {
            "check_interval_sec": 5,
            "creation_timestamp": "2023-07-25T10:45:11.565-07:00",
            "description": "",
            "grpc_health_check": [],
            "healthy_threshold": 2,
            "http2_health_check": [],
            "http_health_check": [],
            "https_health_check": [
              {
                "host": "localhost",
                "port": 443,
                "port_name": "",
                "port_specification": "",
                "proxy_header": "NONE",
                "request_path": "/",
                "response": ""
              }
            ],
            "id": "projects/sunlit-almanac-392511/global/healthChecks/windows123-https-healthcheck",
            "log_config": [
              {
                "enable": false
              }
            ],
            "name": "windows123-https-healthcheck",
            "project": "sunlit-almanac-392511",
            "self_link": "https://www.googleapis.com/compute/v1/projects/sunlit-almanac-392511/global/healthChecks/windows123-https-healthcheck",
            "ssl_health_check": [],
            "tcp_health_check": [],
            "timeout_sec": 5,
            "timeouts": null,
            "type": "HTTPS",
            "unhealthy_threshold": 2
          },
          "sensitive_attributes": [],
          "private": "eyJlMmJmYjczMC1lY2FhLTExZTYtOGY4OC0zNDM2M2JjN2M0YzAiOnsiY3JlYXRlIjoxMjAwMDAwMDAwMDAwLCJkZWxldGUiOjEyMDAwMDAwMDAwMDAsInVwZGF0ZSI6MTIwMDAwMDAwMDAwMH19",
          "create_before_destroy": true
        }
      ]
    },
    {
      "module": "module.vm_mig",
      "mode": "managed",
      "type": "google_compute_region_autoscaler",
      "name": "autoscaler",
      "provider": "provider[\"registry.terraform.io/hashicorp/google\"]",
      "instances": [
        {
          "index_key": 0,
          "schema_version": 0,
          "attributes": {
            "autoscaling_policy": [
              {
                "cooldown_period": 60,
                "cpu_utilization": [
                  {
                    "predictive_method": "NONE",
                    "target": 0.6
                  }
                ],
                "load_balancing_utilization": [],
                "max_replicas": 2,
                "metric": [],
                "min_replicas": 1,
                "mode": "ON",
                "scale_in_control": [],
                "scaling_schedules": []
              }
            ],
            "creation_timestamp": "2023-07-25T10:32:36.444-07:00",
            "description": "",
            "id": "projects/sunlit-almanac-392511/regions/us-east1/autoscalers/test",
            "name": "test",
            "project": "sunlit-almanac-392511",
            "region": "https://www.googleapis.com/compute/v1/projects/sunlit-almanac-392511/regions/us-east1",
            "self_link": "https://www.googleapis.com/compute/v1/projects/sunlit-almanac-392511/regions/us-east1/autoscalers/test",
            "target": "https://www.googleapis.com/compute/v1/projects/sunlit-almanac-392511/regions/us-east1/instanceGroupManagers/windows123-mig",
            "timeouts": null
          },
          "sensitive_attributes": [],
          "private": "eyJlMmJmYjczMC1lY2FhLTExZTYtOGY4OC0zNDM2M2JjN2M0YzAiOnsiY3JlYXRlIjoxMjAwMDAwMDAwMDAwLCJkZWxldGUiOjEyMDAwMDAwMDAwMDAsInVwZGF0ZSI6MTIwMDAwMDAwMDAwMH19",
          "dependencies": [
            "module.vm_instance_template.google_compute_instance_template.tpl",
            "module.vm_mig.data.google_compute_zones.available",
            "module.vm_mig.google_compute_health_check.http",
            "module.vm_mig.google_compute_health_check.https",
            "module.vm_mig.google_compute_health_check.tcp",
            "module.vm_mig.google_compute_region_instance_group_manager.mig"
          ]
        }
      ]
    },
    {
      "module": "module.vm_mig",
      "mode": "managed",
      "type": "google_compute_region_instance_group_manager",
      "name": "mig",
      "provider": "provider[\"registry.terraform.io/hashicorp/google-beta\"]",
      "instances": [
        {
          "schema_version": 0,
          "attributes": {
            "all_instances_config": [],
            "auto_healing_policies": [
              {
                "health_check": "https://www.googleapis.com/compute/beta/projects/sunlit-almanac-392511/global/healthChecks/windows123-https-healthcheck",
                "initial_delay_sec": 120
              }
            ],
            "base_instance_name": "windows123",
            "description": "",
            "distribution_policy_target_shape": "EVEN",
            "distribution_policy_zones": [
              "us-east1-b",
              "us-east1-c",
              "us-east1-d"
            ],
            "fingerprint": "cEBU81bqzm4=",
            "id": "projects/sunlit-almanac-392511/regions/us-east1/instanceGroupManagers/windows123-mig",
            "instance_group": "https://www.googleapis.com/compute/v1/projects/sunlit-almanac-392511/regions/us-east1/instanceGroups/windows123-mig",
            "instance_lifecycle_policy": [
              {
                "force_update_on_repair": "NO"
              }
            ],
            "list_managed_instances_results": "PAGELESS",
            "name": "windows123-mig",
            "named_port": [],
            "project": "sunlit-almanac-392511",
            "region": "us-east1",
            "self_link": "https://www.googleapis.com/compute/v1/projects/sunlit-almanac-392511/regions/us-east1/instanceGroupManagers/windows123-mig",
            "stateful_disk": [],
            "stateful_external_ip": [],
            "stateful_internal_ip": [],
            "status": [
              {
                "all_instances_config": [
                  {
                    "effective": true
                  }
                ],
                "is_stable": false,
                "stateful": [
                  {
                    "has_stateful_config": false,
                    "per_instance_configs": [
                      {
                        "all_effective": true
                      }
                    ]
                  }
                ],
                "version_target": [
                  {
                    "is_reached": true
                  }
                ]
              }
            ],
            "target_pools": [],
            "target_size": 2,
            "timeouts": {
              "create": "5m",
              "delete": "15m",
              "update": "5m"
            },
            "update_policy": [
              {
                "instance_redistribution_type": "PROACTIVE",
                "max_surge_fixed": 3,
                "max_surge_percent": 0,
                "max_unavailable_fixed": 3,
                "max_unavailable_percent": 0,
                "min_ready_sec": 0,
                "minimal_action": "REPLACE",
                "most_disruptive_allowed_action": "",
                "replacement_method": "SUBSTITUTE",
                "type": "OPPORTUNISTIC"
              }
            ],
            "version": [
              {
                "instance_template": "https://www.googleapis.com/compute/v1/projects/sunlit-almanac-392511/global/instanceTemplates/default-instance-template-20230725165147504000000001",
                "name": "windows123-mig-version-0",
                "target_size": []
              }
            ],
            "wait_for_instances": false,
            "wait_for_instances_status": "STABLE"
          },
          "sensitive_attributes": [],
          "private": "eyJlMmJmYjczMC1lY2FhLTExZTYtOGY4OC0zNDM2M2JjN2M0YzAiOnsiY3JlYXRlIjozMDAwMDAwMDAwMDAsImRlbGV0ZSI6OTAwMDAwMDAwMDAwLCJ1cGRhdGUiOjMwMDAwMDAwMDAwMH19",
          "dependencies": [
            "module.vm_instance_template.google_compute_instance_template.tpl",
            "module.vm_mig.data.google_compute_zones.available",
            "module.vm_mig.google_compute_health_check.http",
            "module.vm_mig.google_compute_health_check.https",
            "module.vm_mig.google_compute_health_check.tcp"
          ],
          "create_before_destroy": true
        }
      ]
    }
  ],
  "check_results": []
}
